// !$*UTF8*$!
{
	archiveVersion = 1;
	classes = {
	};
	objectVersion = 56;
	objects = {

/* Begin PBXBuildFile section */
		5C73090F2AD92F2500EDB271 /* TagFieldViewApp.swift in Sources */ = {isa = PBXBuildFile; fileRef = 5C73090E2AD92F2500EDB271 /* TagFieldViewApp.swift */; };
		5C7309112AD92F2500EDB271 /* ContentView.swift in Sources */ = {isa = PBXBuildFile; fileRef = 5C7309102AD92F2500EDB271 /* ContentView.swift */; };
		5C7309132AD92F2800EDB271 /* Assets.xcassets in Resources */ = {isa = PBXBuildFile; fileRef = 5C7309122AD92F2800EDB271 /* Assets.xcassets */; };
		5C7309172AD92F2800EDB271 /* Preview Assets.xcassets in Resources */ = {isa = PBXBuildFile; fileRef = 5C7309162AD92F2800EDB271 /* Preview Assets.xcassets */; };
		5C7309212AD92F2800EDB271 /* TagFieldViewTests.swift in Sources */ = {isa = PBXBuildFile; fileRef = 5C7309202AD92F2800EDB271 /* TagFieldViewTests.swift */; };
		5C73092B2AD92F2800EDB271 /* TagFieldViewUITests.swift in Sources */ = {isa = PBXBuildFile; fileRef = 5C73092A2AD92F2800EDB271 /* TagFieldViewUITests.swift */; };
		5C73092D2AD92F2800EDB271 /* TagFieldViewUITestsLaunchTests.swift in Sources */ = {isa = PBXBuildFile; fileRef = 5C73092C2AD92F2800EDB271 /* TagFieldViewUITestsLaunchTests.swift */; };
		5C73093C2AD9313800EDB271 /* Tag.swift in Sources */ = {isa = PBXBuildFile; fileRef = 5C73093B2AD9313800EDB271 /* Tag.swift */; };
		5C73093E2AD931A500EDB271 /* Home.swift in Sources */ = {isa = PBXBuildFile; fileRef = 5C73093D2AD931A500EDB271 /* Home.swift */; };
		5C7309402AD9322400EDB271 /* TagView.swift in Sources */ = {isa = PBXBuildFile; fileRef = 5C73093F2AD9322400EDB271 /* TagView.swift */; };
		5C7309432AD9400B00EDB271 /* TagLayout.swift in Sources */ = {isa = PBXBuildFile; fileRef = 5C7309422AD9400B00EDB271 /* TagLayout.swift */; };
/* End PBXBuildFile section */

/* Begin PBXContainerItemProxy section */
		5C73091D2AD92F2800EDB271 /* PBXContainerItemProxy */ = {
			isa = PBXContainerItemProxy;
			containerPortal = 5C7309032AD92F2500EDB271 /* Project object */;
			proxyType = 1;
			remoteGlobalIDString = 5C73090A2AD92F2500EDB271;
			remoteInfo = TagFieldView;
		};
		5C7309272AD92F2800EDB271 /* PBXContainerItemProxy */ = {
			isa = PBXContainerItemProxy;
			containerPortal = 5C7309032AD92F2500EDB271 /* Project object */;
			proxyType = 1;
			remoteGlobalIDString = 5C73090A2AD92F2500EDB271;
			remoteInfo = TagFieldView;
		};
/* End PBXContainerItemProxy section */

/* Begin PBXFileReference section */
		5C73090B2AD92F2500EDB271 /* TagFieldView.app */ = {isa = PBXFileReference; explicitFileType = wrapper.application; includeInIndex = 0; path = TagFieldView.app; sourceTree = BUILT_PRODUCTS_DIR; };
		5C73090E2AD92F2500EDB271 /* TagFieldViewApp.swift */ = {isa = PBXFileReference; lastKnownFileType = sourcecode.swift; path = TagFieldViewApp.swift; sourceTree = "<group>"; };
		5C7309102AD92F2500EDB271 /* ContentView.swift */ = {isa = PBXFileReference; lastKnownFileType = sourcecode.swift; path = ContentView.swift; sourceTree = "<group>"; };
		5C7309122AD92F2800EDB271 /* Assets.xcassets */ = {isa = PBXFileReference; lastKnownFileType = folder.assetcatalog; path = Assets.xcassets; sourceTree = "<group>"; };
		5C7309142AD92F2800EDB271 /* TagFieldView.entitlements */ = {isa = PBXFileReference; lastKnownFileType = text.plist.entitlements; path = TagFieldView.entitlements; sourceTree = "<group>"; };
		5C7309162AD92F2800EDB271 /* Preview Assets.xcassets */ = {isa = PBXFileReference; lastKnownFileType = folder.assetcatalog; path = "Preview Assets.xcassets"; sourceTree = "<group>"; };
		5C73091C2AD92F2800EDB271 /* TagFieldViewTests.xctest */ = {isa = PBXFileReference; explicitFileType = wrapper.cfbundle; includeInIndex = 0; path = TagFieldViewTests.xctest; sourceTree = BUILT_PRODUCTS_DIR; };
		5C7309202AD92F2800EDB271 /* TagFieldViewTests.swift */ = {isa = PBXFileReference; lastKnownFileType = sourcecode.swift; path = TagFieldViewTests.swift; sourceTree = "<group>"; };
		5C7309262AD92F2800EDB271 /* TagFieldViewUITests.xctest */ = {isa = PBXFileReference; explicitFileType = wrapper.cfbundle; includeInIndex = 0; path = TagFieldViewUITests.xctest; sourceTree = BUILT_PRODUCTS_DIR; };
		5C73092A2AD92F2800EDB271 /* TagFieldViewUITests.swift */ = {isa = PBXFileReference; lastKnownFileType = sourcecode.swift; path = TagFieldViewUITests.swift; sourceTree = "<group>"; };
		5C73092C2AD92F2800EDB271 /* TagFieldViewUITestsLaunchTests.swift */ = {isa = PBXFileReference; lastKnownFileType = sourcecode.swift; path = TagFieldViewUITestsLaunchTests.swift; sourceTree = "<group>"; };
		5C73093B2AD9313800EDB271 /* Tag.swift */ = {isa = PBXFileReference; lastKnownFileType = sourcecode.swift; path = Tag.swift; sourceTree = "<group>"; };
		5C73093D2AD931A500EDB271 /* Home.swift */ = {isa = PBXFileReference; lastKnownFileType = sourcecode.swift; path = Home.swift; sourceTree = "<group>"; };
		5C73093F2AD9322400EDB271 /* TagView.swift */ = {isa = PBXFileReference; lastKnownFileType = sourcecode.swift; path = TagView.swift; sourceTree = "<group>"; };
		5C7309422AD9400B00EDB271 /* TagLayout.swift */ = {isa = PBXFileReference; lastKnownFileType = sourcecode.swift; path = TagLayout.swift; sourceTree = "<group>"; };
/* End PBXFileReference section */

/* Begin PBXFrameworksBuildPhase section */
		5C7309082AD92F2500EDB271 /* Frameworks */ = {
			isa = PBXFrameworksBuildPhase;
			buildActionMask = 2147483647;
			files = (
			);
			runOnlyForDeploymentPostprocessing = 0;
		};
		5C7309192AD92F2800EDB271 /* Frameworks */ = {
			isa = PBXFrameworksBuildPhase;
			buildActionMask = 2147483647;
			files = (
			);
			runOnlyForDeploymentPostprocessing = 0;
		};
		5C7309232AD92F2800EDB271 /* Frameworks */ = {
			isa = PBXFrameworksBuildPhase;
			buildActionMask = 2147483647;
			files = (
			);
			runOnlyForDeploymentPostprocessing = 0;
		};
/* End PBXFrameworksBuildPhase section */

/* Begin PBXGroup section */
		5C7309022AD92F2500EDB271 = {
			isa = PBXGroup;
			children = (
				5C73090D2AD92F2500EDB271 /* TagFieldView */,
				5C73091F2AD92F2800EDB271 /* TagFieldViewTests */,
				5C7309292AD92F2800EDB271 /* TagFieldViewUITests */,
				5C73090C2AD92F2500EDB271 /* Products */,
			);
			sourceTree = "<group>";
		};
		5C73090C2AD92F2500EDB271 /* Products */ = {
			isa = PBXGroup;
			children = (
				5C73090B2AD92F2500EDB271 /* TagFieldView.app */,
				5C73091C2AD92F2800EDB271 /* TagFieldViewTests.xctest */,
				5C7309262AD92F2800EDB271 /* TagFieldViewUITests.xctest */,
			);
			name = Products;
			sourceTree = "<group>";
		};
		5C73090D2AD92F2500EDB271 /* TagFieldView */ = {
			isa = PBXGroup;
			children = (
				5C7309412AD93FF800EDB271 /* Layout */,
				5C73093A2AD9312700EDB271 /* View */,
				5C7309392AD9312100EDB271 /* Model */,
				5C73090E2AD92F2500EDB271 /* TagFieldViewApp.swift */,
				5C7309102AD92F2500EDB271 /* ContentView.swift */,
				5C7309122AD92F2800EDB271 /* Assets.xcassets */,
				5C7309142AD92F2800EDB271 /* TagFieldView.entitlements */,
				5C7309152AD92F2800EDB271 /* Preview Content */,
			);
			path = TagFieldView;
			sourceTree = "<group>";
		};
		5C7309152AD92F2800EDB271 /* Preview Content */ = {
			isa = PBXGroup;
			children = (
				5C7309162AD92F2800EDB271 /* Preview Assets.xcassets */,
			);
			path = "Preview Content";
			sourceTree = "<group>";
		};
		5C73091F2AD92F2800EDB271 /* TagFieldViewTests */ = {
			isa = PBXGroup;
			children = (
				5C7309202AD92F2800EDB271 /* TagFieldViewTests.swift */,
			);
			path = TagFieldViewTests;
			sourceTree = "<group>";
		};
		5C7309292AD92F2800EDB271 /* TagFieldViewUITests */ = {
			isa = PBXGroup;
			children = (
				5C73092A2AD92F2800EDB271 /* TagFieldViewUITests.swift */,
				5C73092C2AD92F2800EDB271 /* TagFieldViewUITestsLaunchTests.swift */,
			);
			path = TagFieldViewUITests;
			sourceTree = "<group>";
		};
		5C7309392AD9312100EDB271 /* Model */ = {
			isa = PBXGroup;
			children = (
				5C73093B2AD9313800EDB271 /* Tag.swift */,
			);
			path = Model;
			sourceTree = "<group>";
		};
		5C73093A2AD9312700EDB271 /* View */ = {
			isa = PBXGroup;
			children = (
				5C73093D2AD931A500EDB271 /* Home.swift */,
				5C73093F2AD9322400EDB271 /* TagView.swift */,
			);
			path = View;
			sourceTree = "<group>";
		};
		5C7309412AD93FF800EDB271 /* Layout */ = {
			isa = PBXGroup;
			children = (
				5C7309422AD9400B00EDB271 /* TagLayout.swift */,
			);
			path = Layout;
			sourceTree = "<group>";
		};
/* End PBXGroup section */

/* Begin PBXNativeTarget section */
		5C73090A2AD92F2500EDB271 /* TagFieldView */ = {
			isa = PBXNativeTarget;
			buildConfigurationList = 5C7309302AD92F2800EDB271 /* Build configuration list for PBXNativeTarget "TagFieldView" */;
			buildPhases = (
				5C7309072AD92F2500EDB271 /* Sources */,
				5C7309082AD92F2500EDB271 /* Frameworks */,
				5C7309092AD92F2500EDB271 /* Resources */,
			);
			buildRules = (
			);
			dependencies = (
			);
			name = TagFieldView;
			productName = TagFieldView;
			productReference = 5C73090B2AD92F2500EDB271 /* TagFieldView.app */;
			productType = "com.apple.product-type.application";
		};
		5C73091B2AD92F2800EDB271 /* TagFieldViewTests */ = {
			isa = PBXNativeTarget;
			buildConfigurationList = 5C7309332AD92F2800EDB271 /* Build configuration list for PBXNativeTarget "TagFieldViewTests" */;
			buildPhases = (
				5C7309182AD92F2800EDB271 /* Sources */,
				5C7309192AD92F2800EDB271 /* Frameworks */,
				5C73091A2AD92F2800EDB271 /* Resources */,
			);
			buildRules = (
			);
			dependencies = (
				5C73091E2AD92F2800EDB271 /* PBXTargetDependency */,
			);
			name = TagFieldViewTests;
			productName = TagFieldViewTests;
			productReference = 5C73091C2AD92F2800EDB271 /* TagFieldViewTests.xctest */;
			productType = "com.apple.product-type.bundle.unit-test";
		};
		5C7309252AD92F2800EDB271 /* TagFieldViewUITests */ = {
			isa = PBXNativeTarget;
			buildConfigurationList = 5C7309362AD92F2800EDB271 /* Build configuration list for PBXNativeTarget "TagFieldViewUITests" */;
			buildPhases = (
				5C7309222AD92F2800EDB271 /* Sources */,
				5C7309232AD92F2800EDB271 /* Frameworks */,
				5C7309242AD92F2800EDB271 /* Resources */,
			);
			buildRules = (
			);
			dependencies = (
				5C7309282AD92F2800EDB271 /* PBXTargetDependency */,
			);
			name = TagFieldViewUITests;
			productName = TagFieldViewUITests;
			productReference = 5C7309262AD92F2800EDB271 /* TagFieldViewUITests.xctest */;
			productType = "com.apple.product-type.bundle.ui-testing";
		};
/* End PBXNativeTarget section */

/* Begin PBXProject section */
		5C7309032AD92F2500EDB271 /* Project object */ = {
			isa = PBXProject;
			attributes = {
				BuildIndependentTargetsInParallel = 1;
				LastSwiftUpdateCheck = 1500;
				LastUpgradeCheck = 1500;
				TargetAttributes = {
					5C73090A2AD92F2500EDB271 = {
						CreatedOnToolsVersion = 15.0;
					};
					5C73091B2AD92F2800EDB271 = {
						CreatedOnToolsVersion = 15.0;
						TestTargetID = 5C73090A2AD92F2500EDB271;
					};
					5C7309252AD92F2800EDB271 = {
						CreatedOnToolsVersion = 15.0;
						TestTargetID = 5C73090A2AD92F2500EDB271;
					};
				};
			};
			buildConfigurationList = 5C7309062AD92F2500EDB271 /* Build configuration list for PBXProject "TagFieldView" */;
			compatibilityVersion = "Xcode 14.0";
			developmentRegion = en;
			hasScannedForEncodings = 0;
			knownRegions = (
				en,
				Base,
			);
			mainGroup = 5C7309022AD92F2500EDB271;
			productRefGroup = 5C73090C2AD92F2500EDB271 /* Products */;
			projectDirPath = "";
			projectRoot = "";
			targets = (
				5C73090A2AD92F2500EDB271 /* TagFieldView */,
				5C73091B2AD92F2800EDB271 /* TagFieldViewTests */,
				5C7309252AD92F2800EDB271 /* TagFieldViewUITests */,
			);
		};
/* End PBXProject section */

/* Begin PBXResourcesBuildPhase section */
		5C7309092AD92F2500EDB271 /* Resources */ = {
			isa = PBXResourcesBuildPhase;
			buildActionMask = 2147483647;
			files = (
				5C7309172AD92F2800EDB271 /* Preview Assets.xcassets in Resources */,
				5C7309132AD92F2800EDB271 /* Assets.xcassets in Resources */,
			);
			runOnlyForDeploymentPostprocessing = 0;
		};
		5C73091A2AD92F2800EDB271 /* Resources */ = {
			isa = PBXResourcesBuildPhase;
			buildActionMask = 2147483647;
			files = (
			);
			runOnlyForDeploymentPostprocessing = 0;
		};
		5C7309242AD92F2800EDB271 /* Resources */ = {
			isa = PBXResourcesBuildPhase;
			buildActionMask = 2147483647;
			files = (
			);
			runOnlyForDeploymentPostprocessing = 0;
		};
/* End PBXResourcesBuildPhase section */

/* Begin PBXSourcesBuildPhase section */
		5C7309072AD92F2500EDB271 /* Sources */ = {
			isa = PBXSourcesBuildPhase;
			buildActionMask = 2147483647;
			files = (
				5C73093C2AD9313800EDB271 /* Tag.swift in Sources */,
				5C7309402AD9322400EDB271 /* TagView.swift in Sources */,
				5C7309112AD92F2500EDB271 /* ContentView.swift in Sources */,
				5C73093E2AD931A500EDB271 /* Home.swift in Sources */,
				5C7309432AD9400B00EDB271 /* TagLayout.swift in Sources */,
				5C73090F2AD92F2500EDB271 /* TagFieldViewApp.swift in Sources */,
			);
			runOnlyForDeploymentPostprocessing = 0;
		};
		5C7309182AD92F2800EDB271 /* Sources */ = {
			isa = PBXSourcesBuildPhase;
			buildActionMask = 2147483647;
			files = (
				5C7309212AD92F2800EDB271 /* TagFieldViewTests.swift in Sources */,
			);
			runOnlyForDeploymentPostprocessing = 0;
		};
		5C7309222AD92F2800EDB271 /* Sources */ = {
			isa = PBXSourcesBuildPhase;
			buildActionMask = 2147483647;
			files = (
				5C73092B2AD92F2800EDB271 /* TagFieldViewUITests.swift in Sources */,
				5C73092D2AD92F2800EDB271 /* TagFieldViewUITestsLaunchTests.swift in Sources */,
			);
			runOnlyForDeploymentPostprocessing = 0;
		};
/* End PBXSourcesBuildPhase section */

/* Begin PBXTargetDependency section */
		5C73091E2AD92F2800EDB271 /* PBXTargetDependency */ = {
			isa = PBXTargetDependency;
			target = 5C73090A2AD92F2500EDB271 /* TagFieldView */;
			targetProxy = 5C73091D2AD92F2800EDB271 /* PBXContainerItemProxy */;
		};
		5C7309282AD92F2800EDB271 /* PBXTargetDependency */ = {
			isa = PBXTargetDependency;
			target = 5C73090A2AD92F2500EDB271 /* TagFieldView */;
			targetProxy = 5C7309272AD92F2800EDB271 /* PBXContainerItemProxy */;
		};
/* End PBXTargetDependency section */

/* Begin XCBuildConfiguration section */
		5C73092E2AD92F2800EDB271 /* Debug */ = {
			isa = XCBuildConfiguration;
			buildSettings = {
				ALWAYS_SEARCH_USER_PATHS = NO;
				ASSETCATALOG_COMPILER_GENERATE_SWIFT_ASSET_SYMBOL_EXTENSIONS = YES;
				CLANG_ANALYZER_NONNULL = YES;
				CLANG_ANALYZER_NUMBER_OBJECT_CONVERSION = YES_AGGRESSIVE;
				CLANG_CXX_LANGUAGE_STANDARD = "gnu++20";
				CLANG_ENABLE_MODULES = YES;
				CLANG_ENABLE_OBJC_ARC = YES;
				CLANG_ENABLE_OBJC_WEAK = YES;
				CLANG_WARN_BLOCK_CAPTURE_AUTORELEASING = YES;
				CLANG_WARN_BOOL_CONVERSION = YES;
				CLANG_WARN_COMMA = YES;
				CLANG_WARN_CONSTANT_CONVERSION = YES;
				CLANG_WARN_DEPRECATED_OBJC_IMPLEMENTATIONS = YES;
				CLANG_WARN_DIRECT_OBJC_ISA_USAGE = YES_ERROR;
				CLANG_WARN_DOCUMENTATION_COMMENTS = YES;
				CLANG_WARN_EMPTY_BODY = YES;
				CLANG_WARN_ENUM_CONVERSION = YES;
				CLANG_WARN_INFINITE_RECURSION = YES;
				CLANG_WARN_INT_CONVERSION = YES;
				CLANG_WARN_NON_LITERAL_NULL_CONVERSION = YES;
				CLANG_WARN_OBJC_IMPLICIT_RETAIN_SELF = YES;
				CLANG_WARN_OBJC_LITERAL_CONVERSION = YES;
				CLANG_WARN_OBJC_ROOT_CLASS = YES_ERROR;
				CLANG_WARN_QUOTED_INCLUDE_IN_FRAMEWORK_HEADER = YES;
				CLANG_WARN_RANGE_LOOP_ANALYSIS = YES;
				CLANG_WARN_STRICT_PROTOTYPES = YES;
				CLANG_WARN_SUSPICIOUS_MOVE = YES;
				CLANG_WARN_UNGUARDED_AVAILABILITY = YES_AGGRESSIVE;
				CLANG_WARN_UNREACHABLE_CODE = YES;
				CLANG_WARN__DUPLICATE_METHOD_MATCH = YES;
				COPY_PHASE_STRIP = NO;
				DEBUG_INFORMATION_FORMAT = dwarf;
				ENABLE_STRICT_OBJC_MSGSEND = YES;
				ENABLE_TESTABILITY = YES;
				ENABLE_USER_SCRIPT_SANDBOXING = YES;
				GCC_C_LANGUAGE_STANDARD = gnu17;
				GCC_DYNAMIC_NO_PIC = NO;
				GCC_NO_COMMON_BLOCKS = YES;
				GCC_OPTIMIZATION_LEVEL = 0;
				GCC_PREPROCESSOR_DEFINITIONS = (
					"DEBUG=1",
					"$(inherited)",
				);
				GCC_WARN_64_TO_32_BIT_CONVERSION = YES;
				GCC_WARN_ABOUT_RETURN_TYPE = YES_ERROR;
				GCC_WARN_UNDECLARED_SELECTOR = YES;
				GCC_WARN_UNINITIALIZED_AUTOS = YES_AGGRESSIVE;
				GCC_WARN_UNUSED_FUNCTION = YES;
				GCC_WARN_UNUSED_VARIABLE = YES;
				LOCALIZATION_PREFERS_STRING_CATALOGS = YES;
				MTL_ENABLE_DEBUG_INFO = INCLUDE_SOURCE;
				MTL_FAST_MATH = YES;
				ONLY_ACTIVE_ARCH = YES;
				SWIFT_ACTIVE_COMPILATION_CONDITIONS = "DEBUG $(inherited)";
				SWIFT_OPTIMIZATION_LEVEL = "-Onone";
			};
			name = Debug;
		};
		5C73092F2AD92F2800EDB271 /* Release */ = {
			isa = XCBuildConfiguration;
			buildSettings = {
				ALWAYS_SEARCH_USER_PATHS = NO;
				ASSETCATALOG_COMPILER_GENERATE_SWIFT_ASSET_SYMBOL_EXTENSIONS = YES;
				CLANG_ANALYZER_NONNULL = YES;
				CLANG_ANALYZER_NUMBER_OBJECT_CONVERSION = YES_AGGRESSIVE;
				CLANG_CXX_LANGUAGE_STANDARD = "gnu++20";
				CLANG_ENABLE_MODULES = YES;
				CLANG_ENABLE_OBJC_ARC = YES;
				CLANG_ENABLE_OBJC_WEAK = YES;
				CLANG_WARN_BLOCK_CAPTURE_AUTORELEASING = YES;
				CLANG_WARN_BOOL_CONVERSION = YES;
				CLANG_WARN_COMMA = YES;
				CLANG_WARN_CONSTANT_CONVERSION = YES;
				CLANG_WARN_DEPRECATED_OBJC_IMPLEMENTATIONS = YES;
				CLANG_WARN_DIRECT_OBJC_ISA_USAGE = YES_ERROR;
				CLANG_WARN_DOCUMENTATION_COMMENTS = YES;
				CLANG_WARN_EMPTY_BODY = YES;
				CLANG_WARN_ENUM_CONVERSION = YES;
				CLANG_WARN_INFINITE_RECURSION = YES;
				CLANG_WARN_INT_CONVERSION = YES;
				CLANG_WARN_NON_LITERAL_NULL_CONVERSION = YES;
				CLANG_WARN_OBJC_IMPLICIT_RETAIN_SELF = YES;
				CLANG_WARN_OBJC_LITERAL_CONVERSION = YES;
				CLANG_WARN_OBJC_ROOT_CLASS = YES_ERROR;
				CLANG_WARN_QUOTED_INCLUDE_IN_FRAMEWORK_HEADER = YES;
				CLANG_WARN_RANGE_LOOP_ANALYSIS = YES;
				CLANG_WARN_STRICT_PROTOTYPES = YES;
				CLANG_WARN_SUSPICIOUS_MOVE = YES;
				CLANG_WARN_UNGUARDED_AVAILABILITY = YES_AGGRESSIVE;
				CLANG_WARN_UNREACHABLE_CODE = YES;
				CLANG_WARN__DUPLICATE_METHOD_MATCH = YES;
				COPY_PHASE_STRIP = NO;
				DEBUG_INFORMATION_FORMAT = "dwarf-with-dsym";
				ENABLE_NS_ASSERTIONS = NO;
				ENABLE_STRICT_OBJC_MSGSEND = YES;
				ENABLE_USER_SCRIPT_SANDBOXING = YES;
				GCC_C_LANGUAGE_STANDARD = gnu17;
				GCC_NO_COMMON_BLOCKS = YES;
				GCC_WARN_64_TO_32_BIT_CONVERSION = YES;
				GCC_WARN_ABOUT_RETURN_TYPE = YES_ERROR;
				GCC_WARN_UNDECLARED_SELECTOR = YES;
				GCC_WARN_UNINITIALIZED_AUTOS = YES_AGGRESSIVE;
				GCC_WARN_UNUSED_FUNCTION = YES;
				GCC_WARN_UNUSED_VARIABLE = YES;
				LOCALIZATION_PREFERS_STRING_CATALOGS = YES;
				MTL_ENABLE_DEBUG_INFO = NO;
				MTL_FAST_MATH = YES;
				SWIFT_COMPILATION_MODE = wholemodule;
			};
			name = Release;
		};
		5C7309312AD92F2800EDB271 /* Debug */ = {
			isa = XCBuildConfiguration;
			buildSettings = {
				ASSETCATALOG_COMPILER_APPICON_NAME = AppIcon;
				ASSETCATALOG_COMPILER_GLOBAL_ACCENT_COLOR_NAME = AccentColor;
				CODE_SIGN_ENTITLEMENTS = TagFieldView/TagFieldView.entitlements;
				CODE_SIGN_STYLE = Automatic;
				CURRENT_PROJECT_VERSION = 1;
				DEVELOPMENT_ASSET_PATHS = "\"TagFieldView/Preview Content\"";
				DEVELOPMENT_TEAM = 8BYSS77GBA;
				ENABLE_HARDENED_RUNTIME = YES;
				ENABLE_PREVIEWS = YES;
				GENERATE_INFOPLIST_FILE = YES;
				"INFOPLIST_KEY_UIApplicationSceneManifest_Generation[sdk=iphoneos*]" = YES;
				"INFOPLIST_KEY_UIApplicationSceneManifest_Generation[sdk=iphonesimulator*]" = YES;
				"INFOPLIST_KEY_UIApplicationSupportsIndirectInputEvents[sdk=iphoneos*]" = YES;
				"INFOPLIST_KEY_UIApplicationSupportsIndirectInputEvents[sdk=iphonesimulator*]" = YES;
				"INFOPLIST_KEY_UILaunchScreen_Generation[sdk=iphoneos*]" = YES;
				"INFOPLIST_KEY_UILaunchScreen_Generation[sdk=iphonesimulator*]" = YES;
				"INFOPLIST_KEY_UIStatusBarStyle[sdk=iphoneos*]" = UIStatusBarStyleDefault;
				"INFOPLIST_KEY_UIStatusBarStyle[sdk=iphonesimulator*]" = UIStatusBarStyleDefault;
				INFOPLIST_KEY_UISupportedInterfaceOrientations_iPad = "UIInterfaceOrientationPortrait UIInterfaceOrientationPortraitUpsideDown UIInterfaceOrientationLandscapeLeft UIInterfaceOrientationLandscapeRight";
				INFOPLIST_KEY_UISupportedInterfaceOrientations_iPhone = "UIInterfaceOrientationPortrait UIInterfaceOrientationLandscapeLeft UIInterfaceOrientationLandscapeRight";
				IPHONEOS_DEPLOYMENT_TARGET = 17.0;
				LD_RUNPATH_SEARCH_PATHS = "@executable_path/Frameworks";
				"LD_RUNPATH_SEARCH_PATHS[sdk=macosx*]" = "@executable_path/../Frameworks";
				MACOSX_DEPLOYMENT_TARGET = 13.5;
				MARKETING_VERSION = 1.0;
				PRODUCT_BUNDLE_IDENTIFIER = com.lakshaya.TagFieldView;
				PRODUCT_NAME = "$(TARGET_NAME)";
				SDKROOT = auto;
				SUPPORTED_PLATFORMS = "iphoneos iphonesimulator macosx";
				SWIFT_EMIT_LOC_STRINGS = YES;
				SWIFT_VERSION = 5.0;
				TARGETED_DEVICE_FAMILY = "1,2";
			};
			name = Debug;
		};
		5C7309322AD92F2800EDB271 /* Release */ = {
			isa = XCBuildConfiguration;
			buildSettings = {
				ASSETCATALOG_COMPILER_APPICON_NAME = AppIcon;
				ASSETCATALOG_COMPILER_GLOBAL_ACCENT_COLOR_NAME = AccentColor;
				CODE_SIGN_ENTITLEMENTS = TagFieldView/TagFieldView.entitlements;
				CODE_SIGN_STYLE = Automatic;
				CURRENT_PROJECT_VERSION = 1;
				DEVELOPMENT_ASSET_PATHS = "\"TagFieldView/Preview Content\"";
				DEVELOPMENT_TEAM = 8BYSS77GBA;
				ENABLE_HARDENED_RUNTIME = YES;
				ENABLE_PREVIEWS = YES;
				GENERATE_INFOPLIST_FILE = YES;
				"INFOPLIST_KEY_UIApplicationSceneManifest_Generation[sdk=iphoneos*]" = YES;
				"INFOPLIST_KEY_UIApplicationSceneManifest_Generation[sdk=iphonesimulator*]" = YES;
				"INFOPLIST_KEY_UIApplicationSupportsIndirectInputEvents[sdk=iphoneos*]" = YES;
				"INFOPLIST_KEY_UIApplicationSupportsIndirectInputEvents[sdk=iphonesimulator*]" = YES;
				"INFOPLIST_KEY_UILaunchScreen_Generation[sdk=iphoneos*]" = YES;
				"INFOPLIST_KEY_UILaunchScreen_Generation[sdk=iphonesimulator*]" = YES;
				"INFOPLIST_KEY_UIStatusBarStyle[sdk=iphoneos*]" = UIStatusBarStyleDefault;
				"INFOPLIST_KEY_UIStatusBarStyle[sdk=iphonesimulator*]" = UIStatusBarStyleDefault;
				INFOPLIST_KEY_UISupportedInterfaceOrientations_iPad = "UIInterfaceOrientationPortrait UIInterfaceOrientationPortraitUpsideDown UIInterfaceOrientationLandscapeLeft UIInterfaceOrientationLandscapeRight";
				INFOPLIST_KEY_UISupportedInterfaceOrientations_iPhone = "UIInterfaceOrientationPortrait UIInterfaceOrientationLandscapeLeft UIInterfaceOrientationLandscapeRight";
				IPHONEOS_DEPLOYMENT_TARGET = 17.0;
				LD_RUNPATH_SEARCH_PATHS = "@executable_path/Frameworks";
				"LD_RUNPATH_SEARCH_PATHS[sdk=macosx*]" = "@executable_path/../Frameworks";
				MACOSX_DEPLOYMENT_TARGET = 13.5;
				MARKETING_VERSION = 1.0;
				PRODUCT_BUNDLE_IDENTIFIER = com.lakshaya.TagFieldView;
				PRODUCT_NAME = "$(TARGET_NAME)";
				SDKROOT = auto;
				SUPPORTED_PLATFORMS = "iphoneos iphonesimulator macosx";
				SWIFT_EMIT_LOC_STRINGS = YES;
				SWIFT_VERSION = 5.0;
				TARGETED_DEVICE_FAMILY = "1,2";
			};
			name = Release;
		};
		5C7309342AD92F2800EDB271 /* Debug */ = {
			isa = XCBuildConfiguration;
			buildSettings = {
				ALWAYS_EMBED_SWIFT_STANDARD_LIBRARIES = YES;
				BUNDLE_LOADER = "$(TEST_HOST)";
				CODE_SIGN_STYLE = Automatic;
				CURRENT_PROJECT_VERSION = 1;
				DEVELOPMENT_TEAM = 8BYSS77GBA;
				GENERATE_INFOPLIST_FILE = YES;
				IPHONEOS_DEPLOYMENT_TARGET = 17.0;
				MACOSX_DEPLOYMENT_TARGET = 13.5;
				MARKETING_VERSION = 1.0;
				PRODUCT_BUNDLE_IDENTIFIER = com.lakshaya.TagFieldViewTests;
				PRODUCT_NAME = "$(TARGET_NAME)";
				SDKROOT = auto;
				SUPPORTED_PLATFORMS = "iphoneos iphonesimulator macosx";
				SWIFT_EMIT_LOC_STRINGS = NO;
				SWIFT_VERSION = 5.0;
				TARGETED_DEVICE_FAMILY = "1,2";
				TEST_HOST = "$(BUILT_PRODUCTS_DIR)/TagFieldView.app/$(BUNDLE_EXECUTABLE_FOLDER_PATH)/TagFieldView";
			};
			name = Debug;
		};
		5C7309352AD92F2800EDB271 /* Release */ = {
			isa = XCBuildConfiguration;
			buildSettings = {
				ALWAYS_EMBED_SWIFT_STANDARD_LIBRARIES = YES;
				BUNDLE_LOADER = "$(TEST_HOST)";
				CODE_SIGN_STYLE = Automatic;
				CURRENT_PROJECT_VERSION = 1;
				DEVELOPMENT_TEAM = 8BYSS77GBA;
				GENERATE_INFOPLIST_FILE = YES;
				IPHONEOS_DEPLOYMENT_TARGET = 17.0;
				MACOSX_DEPLOYMENT_TARGET = 13.5;
				MARKETING_VERSION = 1.0;
				PRODUCT_BUNDLE_IDENTIFIER = com.lakshaya.TagFieldViewTests;
				PRODUCT_NAME = "$(TARGET_NAME)";
				SDKROOT = auto;
				SUPPORTED_PLATFORMS = "iphoneos iphonesimulator macosx";
				SWIFT_EMIT_LOC_STRINGS = NO;
				SWIFT_VERSION = 5.0;
				TARGETED_DEVICE_FAMILY = "1,2";
				TEST_HOST = "$(BUILT_PRODUCTS_DIR)/TagFieldView.app/$(BUNDLE_EXECUTABLE_FOLDER_PATH)/TagFieldView";
			};
			name = Release;
		};
		5C7309372AD92F2800EDB271 /* Debug */ = {
			isa = XCBuildConfiguration;
			buildSettings = {
				ALWAYS_EMBED_SWIFT_STANDARD_LIBRARIES = YES;
				CODE_SIGN_STYLE = Automatic;
				CURRENT_PROJECT_VERSION = 1;
				DEVELOPMENT_TEAM = 8BYSS77GBA;
				GENERATE_INFOPLIST_FILE = YES;
				IPHONEOS_DEPLOYMENT_TARGET = 17.0;
				MACOSX_DEPLOYMENT_TARGET = 13.5;
				MARKETING_VERSION = 1.0;
				PRODUCT_BUNDLE_IDENTIFIER = com.lakshaya.TagFieldViewUITests;
				PRODUCT_NAME = "$(TARGET_NAME)";
				SDKROOT = auto;
				SUPPORTED_PLATFORMS = "iphoneos iphonesimulator macosx";
				SWIFT_EMIT_LOC_STRINGS = NO;
				SWIFT_VERSION = 5.0;
				TARGETED_DEVICE_FAMILY = "1,2";
				TEST_TARGET_NAME = TagFieldView;
			};
			name = Debug;
		};
		5C7309382AD92F2800EDB271 /* Release */ = {
			isa = XCBuildConfiguration;
			buildSettings = {
				ALWAYS_EMBED_SWIFT_STANDARD_LIBRARIES = YES;
				CODE_SIGN_STYLE = Automatic;
				CURRENT_PROJECT_VERSION = 1;
				DEVELOPMENT_TEAM = 8BYSS77GBA;
				GENERATE_INFOPLIST_FILE = YES;
				IPHONEOS_DEPLOYMENT_TARGET = 17.0;
				MACOSX_DEPLOYMENT_TARGET = 13.5;
				MARKETING_VERSION = 1.0;
				PRODUCT_BUNDLE_IDENTIFIER = com.lakshaya.TagFieldViewUITests;
				PRODUCT_NAME = "$(TARGET_NAME)";
				SDKROOT = auto;
				SUPPORTED_PLATFORMS = "iphoneos iphonesimulator macosx";
				SWIFT_EMIT_LOC_STRINGS = NO;
				SWIFT_VERSION = 5.0;
				TARGETED_DEVICE_FAMILY = "1,2";
				TEST_TARGET_NAME = TagFieldView;
			};
			name = Release;
		};
/* End XCBuildConfiguration section */

/* Begin XCConfigurationList section */
		5C7309062AD92F2500EDB271 /* Build configuration list for PBXProject "TagFieldView" */ = {
			isa = XCConfigurationList;
			buildConfigurations = (
				5C73092E2AD92F2800EDB271 /* Debug */,
				5C73092F2AD92F2800EDB271 /* Release */,
			);
			defaultConfigurationIsVisible = 0;
			defaultConfigurationName = Release;
		};
		5C7309302AD92F2800EDB271 /* Build configuration list for PBXNativeTarget "TagFieldView" */ = {
			isa = XCConfigurationList;
			buildConfigurations = (
				5C7309312AD92F2800EDB271 /* Debug */,
				5C7309322AD92F2800EDB271 /* Release */,
			);
			defaultConfigurationIsVisible = 0;
			defaultConfigurationName = Release;
		};
		5C7309332AD92F2800EDB271 /* Build configuration list for PBXNativeTarget "TagFieldViewTests" */ = {
			isa = XCConfigurationList;
			buildConfigurations = (
				5C7309342AD92F2800EDB271 /* Debug */,
				5C7309352AD92F2800EDB271 /* Release */,
			);
			defaultConfigurationIsVisible = 0;
			defaultConfigurationName = Release;
		};
		5C7309362AD92F2800EDB271 /* Build configuration list for PBXNativeTarget "TagFieldViewUITests" */ = {
			isa = XCConfigurationList;
			buildConfigurations = (
				5C7309372AD92F2800EDB271 /* Debug */,
				5C7309382AD92F2800EDB271 /* Release */,
			);
			defaultConfigurationIsVisible = 0;
			defaultConfigurationName = Release;
		};
/* End XCConfigurationList section */
	};
	rootObject = 5C7309032AD92F2500EDB271 /* Project object */;
}
